
Microsoft Visual Studio Solution File, Format Version 12.00
# Visual Studio Version 16
VisualStudioVersion = 16.0.33328.57
MinimumVisualStudioVersion = 10.0.40219.1
Project("{FAE04EC0-301F-11D3-BF4B-00C04F79EFBC}") = "FlightReservation.UI", "FlightReservation.UI.csproj", "{A54157EA-FBF1-4E61-B9F6-29A21A1A2BC6}"
EndProject
Project("{FAE04EC0-301F-11D3-BF4B-00C04F79EFBC}") = "FlightReservation.BL", "..\AirlineReservation\FlightReservation.BL.csproj", "{663F6D6C-52B4-480B-AB20-43C77F66719E}"
EndProject
Project("{FAE04EC0-301F-11D3-BF4B-00C04F79EFBC}") = "FlightReservation.BL.Test", "FlightReservation.BL.Test\FlightReservation.BL.Test.csproj", "{E5618F72-53F8-42C1-AE44-4B09A8A8FB4F}"
EndProject
Project("{FAE04EC0-301F-11D3-BF4B-00C04F79EFBC}") = "FlightReservation.DL", "FlightReservation.DL\FlightReservation.DL.csproj", "{B2B22C74-BF12-4ADC-B234-2FC77CBA442C}"
EndProject
Global
	GlobalSection(SolutionConfigurationPlatforms) = preSolution
		Debug|Any CPU = Debug|Any CPU
		Release|Any CPU = Release|Any CPU
	EndGlobalSection
	GlobalSection(ProjectConfigurationPlatforms) = postSolution
		{A54157EA-FBF1-4E61-B9F6-29A21A1A2BC6}.Debug|Any CPU.ActiveCfg = Debug|Any CPU
		{A54157EA-FBF1-4E61-B9F6-29A21A1A2BC6}.Debug|Any CPU.Build.0 = Debug|Any CPU
		{A54157EA-FBF1-4E61-B9F6-29A21A1A2BC6}.Release|Any CPU.ActiveCfg = Release|Any CPU
		{A54157EA-FBF1-4E61-B9F6-29A21A1A2BC6}.Release|Any CPU.Build.0 = Release|Any CPU
		{663F6D6C-52B4-480B-AB20-43C77F66719E}.Debug|Any CPU.ActiveCfg = Debug|Any CPU
		{663F6D6C-52B4-480B-AB20-43C77F66719E}.Debug|Any CPU.Build.0 = Debug|Any CPU
		{663F6D6C-52B4-480B-AB20-43C77F66719E}.Release|Any CPU.ActiveCfg = Release|Any CPU
		{663F6D6C-52B4-480B-AB20-43C77F66719E}.Release|Any CPU.Build.0 = Release|Any CPU
		{E5618F72-53F8-42C1-AE44-4B09A8A8FB4F}.Debug|Any CPU.ActiveCfg = Debug|Any CPU
		{E5618F72-53F8-42C1-AE44-4B09A8A8FB4F}.Debug|Any CPU.Build.0 = Debug|Any CPU
		{E5618F72-53F8-42C1-AE44-4B09A8A8FB4F}.Release|Any CPU.ActiveCfg = Release|Any CPU
		{E5618F72-53F8-42C1-AE44-4B09A8A8FB4F}.Release|Any CPU.Build.0 = Release|Any CPU
		{B2B22C74-BF12-4ADC-B234-2FC77CBA442C}.Debug|Any CPU.ActiveCfg = Debug|Any CPU
		{B2B22C74-BF12-4ADC-B234-2FC77CBA442C}.Debug|Any CPU.Build.0 = Debug|Any CPU
		{B2B22C74-BF12-4ADC-B234-2FC77CBA442C}.Release|Any CPU.ActiveCfg = Release|Any CPU
		{B2B22C74-BF12-4ADC-B234-2FC77CBA442C}.Release|Any CPU.Build.0 = Release|Any CPU
	EndGlobalSection
	GlobalSection(SolutionProperties) = preSolution
		HideSolutionNode = FALSE
	EndGlobalSection
	GlobalSection(ExtensibilityGlobals) = postSolution
		SolutionGuid = {1CED9FB3-CD6F-4CDD-8692-0330B1BB17BA}
	EndGlobalSection
EndGlobal
